<?xml version="1.0" encoding="utf-8"?>
<Project ToolsVersion="4.0" xmlns="http://schemas.microsoft.com/developer/msbuild/2003">
  <ItemGroup>
    <Filter Include="Source Files">
      <UniqueIdentifier>{4FC737F1-C7A5-4376-A066-2A32D752A2FF}</UniqueIdentifier>
      <Extensions>cpp;c;cc;cxx;def;odl;idl;hpj;bat;asm;asmx</Extensions>
    </Filter>
    <Filter Include="Header Files">
      <UniqueIdentifier>{93995380-89BD-4b04-88EB-625FBE52EBFB}</UniqueIdentifier>
      <Extensions>h;hpp;hxx;hm;inl;inc;xsd</Extensions>
    </Filter>
    <Filter Include="Resource Files">
      <UniqueIdentifier>{67DA6AB6-F800-4c08-8B7A-83BB121AAD01}</UniqueIdentifier>
      <Extensions>rc;ico;cur;bmp;dlg;rc2;rct;bin;rgs;gif;jpg;jpeg;jpe;resx;tiff;tif;png;wav</Extensions>
    </Filter>
    <Filter Include="OciHeaders">
      <UniqueIdentifier>{c364f240-ad75-41d0-8fa8-2285f41eddc4}</UniqueIdentifier>
    </Filter>
    <Filter Include="EpLibraryHeaders">
      <UniqueIdentifier>{5cd1b82c-e1ca-4c3d-bd00-9f9815ec0957}</UniqueIdentifier>
    </Filter>
  </ItemGroup>
  <ItemGroup>
    <ClCompile Include="Sources\epColumn.cpp">
      <Filter>Source Files</Filter>
    </ClCompile>
    <ClCompile Include="Sources\epConnection.cpp">
      <Filter>Source Files</Filter>
    </ClCompile>
    <ClCompile Include="Sources\epOraError.cpp">
      <Filter>Source Files</Filter>
    </ClCompile>
    <ClCompile Include="Sources\epParameter.cpp">
      <Filter>Source Files</Filter>
    </ClCompile>
    <ClCompile Include="Sources\epResultSet.cpp">
      <Filter>Source Files</Filter>
    </ClCompile>
    <ClCompile Include="Sources\epStatement.cpp">
      <Filter>Source Files</Filter>
    </ClCompile>
  </ItemGroup>
  <ItemGroup>
    <ClInclude Include="Headers\epColumn.h">
      <Filter>Header Files</Filter>
    </ClInclude>
    <ClInclude Include="Headers\epConnection.h">
      <Filter>Header Files</Filter>
    </ClInclude>
    <ClInclude Include="Headers\epDateTime.h">
      <Filter>Header Files</Filter>
    </ClInclude>
    <ClInclude Include="Headers\epol.h">
      <Filter>Header Files</Filter>
    </ClInclude>
    <ClInclude Include="Headers\epOraDefines.h">
      <Filter>Header Files</Filter>
    </ClInclude>
    <ClInclude Include="Headers\epOraError.h">
      <Filter>Header Files</Filter>
    </ClInclude>
    <ClInclude Include="Headers\epOraLib.h">
      <Filter>Header Files</Filter>
    </ClInclude>
    <ClInclude Include="Headers\epParameter.h">
      <Filter>Header Files</Filter>
    </ClInclude>
    <ClInclude Include="Headers\epResultSet.h">
      <Filter>Header Files</Filter>
    </ClInclude>
    <ClInclude Include="Headers\epStatement.h">
      <Filter>Header Files</Filter>
    </ClInclude>
    <ClInclude Include="OciHeaders\nzerror.h">
      <Filter>OciHeaders</Filter>
    </ClInclude>
    <ClInclude Include="OciHeaders\nzt.h">
      <Filter>OciHeaders</Filter>
    </ClInclude>
    <ClInclude Include="OciHeaders\occi.h">
      <Filter>OciHeaders</Filter>
    </ClInclude>
    <ClInclude Include="OciHeaders\occiAQ.h">
      <Filter>OciHeaders</Filter>
    </ClInclude>
    <ClInclude Include="OciHeaders\occiCommon.h">
      <Filter>OciHeaders</Filter>
    </ClInclude>
    <ClInclude Include="OciHeaders\occiControl.h">
      <Filter>OciHeaders</Filter>
    </ClInclude>
    <ClInclude Include="OciHeaders\occiData.h">
      <Filter>OciHeaders</Filter>
    </ClInclude>
    <ClInclude Include="OciHeaders\occiObjects.h">
      <Filter>OciHeaders</Filter>
    </ClInclude>
    <ClInclude Include="OciHeaders\oci.h">
      <Filter>OciHeaders</Filter>
    </ClInclude>
    <ClInclude Include="OciHeaders\oci1.h">
      <Filter>OciHeaders</Filter>
    </ClInclude>
    <ClInclude Include="OciHeaders\oci8dp.h">
      <Filter>OciHeaders</Filter>
    </ClInclude>
    <ClInclude Include="OciHeaders\ociap.h">
      <Filter>OciHeaders</Filter>
    </ClInclude>
    <ClInclude Include="OciHeaders\ociapr.h">
      <Filter>OciHeaders</Filter>
    </ClInclude>
    <ClInclude Include="OciHeaders\ocidef.h">
      <Filter>OciHeaders</Filter>
    </ClInclude>
    <ClInclude Include="OciHeaders\ocidem.h">
      <Filter>OciHeaders</Filter>
    </ClInclude>
    <ClInclude Include="OciHeaders\ocidfn.h">
      <Filter>OciHeaders</Filter>
    </ClInclude>
    <ClInclude Include="OciHeaders\ociextp.h">
      <Filter>OciHeaders</Filter>
    </ClInclude>
    <ClInclude Include="OciHeaders\ocikpr.h">
      <Filter>OciHeaders</Filter>
    </ClInclude>
    <ClInclude Include="OciHeaders\ocixml.h">
      <Filter>OciHeaders</Filter>
    </ClInclude>
    <ClInclude Include="OciHeaders\ocixmldb.h">
      <Filter>OciHeaders</Filter>
    </ClInclude>
    <ClInclude Include="OciHeaders\ocixstream.h">
      <Filter>OciHeaders</Filter>
    </ClInclude>
    <ClInclude Include="OciHeaders\odci.h">
      <Filter>OciHeaders</Filter>
    </ClInclude>
    <ClInclude Include="OciHeaders\oratypes.h">
      <Filter>OciHeaders</Filter>
    </ClInclude>
    <ClInclude Include="OciHeaders\ori.h">
      <Filter>OciHeaders</Filter>
    </ClInclude>
    <ClInclude Include="OciHeaders\orid.h">
      <Filter>OciHeaders</Filter>
    </ClInclude>
    <ClInclude Include="OciHeaders\orl.h">
      <Filter>OciHeaders</Filter>
    </ClInclude>
    <ClInclude Include="OciHeaders\oro.h">
      <Filter>OciHeaders</Filter>
    </ClInclude>
    <ClInclude Include="OciHeaders\ort.h">
      <Filter>OciHeaders</Filter>
    </ClInclude>
    <ClInclude Include="OciHeaders\xa.h">
      <Filter>OciHeaders</Filter>
    </ClInclude>
    <ClInclude Include="EpLibraryHeaders\epAlgorithm.h">
      <Filter>EpLibraryHeaders</Filter>
    </ClInclude>
    <ClInclude Include="EpLibraryHeaders\epAssert.h">
      <Filter>EpLibraryHeaders</Filter>
    </ClInclude>
    <ClInclude Include="EpLibraryHeaders\epBaseJob.h">
      <Filter>EpLibraryHeaders</Filter>
    </ClInclude>
    <ClInclude Include="EpLibraryHeaders\epBaseJobProcessor.h">
      <Filter>EpLibraryHeaders</Filter>
    </ClInclude>
    <ClInclude Include="EpLibraryHeaders\epBaseLock.h">
      <Filter>EpLibraryHeaders</Filter>
    </ClInclude>
    <ClInclude Include="EpLibraryHeaders\epBaseOutputter.h">
      <Filter>EpLibraryHeaders</Filter>
    </ClInclude>
    <ClInclude Include="EpLibraryHeaders\epBaseWorkerThread.h">
      <Filter>EpLibraryHeaders</Filter>
    </ClInclude>
    <ClInclude Include="EpLibraryHeaders\epBinarySearch.h">
      <Filter>EpLibraryHeaders</Filter>
    </ClInclude>
    <ClInclude Include="EpLibraryHeaders\epConsoleHelper.h">
      <Filter>EpLibraryHeaders</Filter>
    </ClInclude>
    <ClInclude Include="EpLibraryHeaders\epCriticalSectionEx.h">
      <Filter>EpLibraryHeaders</Filter>
    </ClInclude>
    <ClInclude Include="EpLibraryHeaders\epCStringEx.h">
      <Filter>EpLibraryHeaders</Filter>
    </ClInclude>
    <ClInclude Include="EpLibraryHeaders\epDateTimeHelper.h">
      <Filter>EpLibraryHeaders</Filter>
    </ClInclude>
    <ClInclude Include="EpLibraryHeaders\epDelegate.h">
      <Filter>EpLibraryHeaders</Filter>
    </ClInclude>
    <ClInclude Include="EpLibraryHeaders\epDynamicArray.h">
      <Filter>EpLibraryHeaders</Filter>
    </ClInclude>
    <ClInclude Include="EpLibraryHeaders\epEndian.h">
      <Filter>EpLibraryHeaders</Filter>
    </ClInclude>
    <ClInclude Include="EpLibraryHeaders\epException.h">
      <Filter>EpLibraryHeaders</Filter>
    </ClInclude>
    <ClInclude Include="EpLibraryHeaders\epFastLog.h">
      <Filter>EpLibraryHeaders</Filter>
    </ClInclude>
    <ClInclude Include="EpLibraryHeaders\epFastSqrt.h">
      <Filter>EpLibraryHeaders</Filter>
    </ClInclude>
    <ClInclude Include="EpLibraryHeaders\epFileStream.h">
      <Filter>EpLibraryHeaders</Filter>
    </ClInclude>
    <ClInclude Include="EpLibraryHeaders\epFolderHelper.h">
      <Filter>EpLibraryHeaders</Filter>
    </ClInclude>
    <ClInclude Include="EpLibraryHeaders\epInsertionSort.h">
      <Filter>EpLibraryHeaders</Filter>
    </ClInclude>
    <ClInclude Include="EpLibraryHeaders\epInterlockedEx.h">
      <Filter>EpLibraryHeaders</Filter>
    </ClInclude>
    <ClInclude Include="EpLibraryHeaders\epJobScheduleQueue.h">
      <Filter>EpLibraryHeaders</Filter>
    </ClInclude>
    <ClInclude Include="EpLibraryHeaders\epKAryHeap.h">
      <Filter>EpLibraryHeaders</Filter>
    </ClInclude>
    <ClInclude Include="EpLibraryHeaders\epl.h">
      <Filter>EpLibraryHeaders</Filter>
    </ClInclude>
    <ClInclude Include="EpLibraryHeaders\epLib.h">
      <Filter>EpLibraryHeaders</Filter>
    </ClInclude>
    <ClInclude Include="EpLibraryHeaders\epLocale.h">
      <Filter>EpLibraryHeaders</Filter>
    </ClInclude>
    <ClInclude Include="EpLibraryHeaders\epMemory.h">
      <Filter>EpLibraryHeaders</Filter>
    </ClInclude>
    <ClInclude Include="EpLibraryHeaders\epMergeSort.h">
      <Filter>EpLibraryHeaders</Filter>
    </ClInclude>
    <ClInclude Include="EpLibraryHeaders\epMutex.h">
      <Filter>EpLibraryHeaders</Filter>
    </ClInclude>
    <ClInclude Include="EpLibraryHeaders\epNetworkStream.h">
      <Filter>EpLibraryHeaders</Filter>
    </ClInclude>
    <ClInclude Include="EpLibraryHeaders\epNoLock.h">
      <Filter>EpLibraryHeaders</Filter>
    </ClInclude>
    <ClInclude Include="EpLibraryHeaders\epPatriciaTrie.h">
      <Filter>EpLibraryHeaders</Filter>
    </ClInclude>
    <ClInclude Include="EpLibraryHeaders\epPlatform.h">
      <Filter>EpLibraryHeaders</Filter>
    </ClInclude>
    <ClInclude Include="EpLibraryHeaders\epPrimeNum.h">
      <Filter>EpLibraryHeaders</Filter>
    </ClInclude>
    <ClInclude Include="EpLibraryHeaders\epProfiler.h">
      <Filter>EpLibraryHeaders</Filter>
    </ClInclude>
    <ClInclude Include="EpLibraryHeaders\epPropertiesFile.h">
      <Filter>EpLibraryHeaders</Filter>
    </ClInclude>
    <ClInclude Include="EpLibraryHeaders\epQuickSort.h">
      <Filter>EpLibraryHeaders</Filter>
    </ClInclude>
    <ClInclude Include="EpLibraryHeaders\epRandom.h">
      <Filter>EpLibraryHeaders</Filter>
    </ClInclude>
    <ClInclude Include="EpLibraryHeaders\epRegistryHelper.h">
      <Filter>EpLibraryHeaders</Filter>
    </ClInclude>
    <ClInclude Include="EpLibraryHeaders\epSemaphore.h">
      <Filter>EpLibraryHeaders</Filter>
    </ClInclude>
    <ClInclude Include="EpLibraryHeaders\epSimpleLogger.h">
      <Filter>EpLibraryHeaders</Filter>
    </ClInclude>
    <ClInclude Include="EpLibraryHeaders\epSingletonHolder.h">
      <Filter>EpLibraryHeaders</Filter>
    </ClInclude>
    <ClInclude Include="EpLibraryHeaders\epSmartObject.h">
      <Filter>EpLibraryHeaders</Filter>
    </ClInclude>
    <ClInclude Include="EpLibraryHeaders\epStream.h">
      <Filter>EpLibraryHeaders</Filter>
    </ClInclude>
    <ClInclude Include="EpLibraryHeaders\epSystem.h">
      <Filter>EpLibraryHeaders</Filter>
    </ClInclude>
    <ClInclude Include="EpLibraryHeaders\epTaskbarNotifier.h">
      <Filter>EpLibraryHeaders</Filter>
    </ClInclude>
    <ClInclude Include="EpLibraryHeaders\epTextFile.h">
      <Filter>EpLibraryHeaders</Filter>
    </ClInclude>
    <ClInclude Include="EpLibraryHeaders\epThread.h">
      <Filter>EpLibraryHeaders</Filter>
    </ClInclude>
    <ClInclude Include="EpLibraryHeaders\epThreadSafeClass.h">
      <Filter>EpLibraryHeaders</Filter>
    </ClInclude>
    <ClInclude Include="EpLibraryHeaders\epThreadSafePQueue.h">
      <Filter>EpLibraryHeaders</Filter>
    </ClInclude>
    <ClInclude Include="EpLibraryHeaders\epThreadSafeQueue.h">
      <Filter>EpLibraryHeaders</Filter>
    </ClInclude>
    <ClInclude Include="EpLibraryHeaders\epTinyObject.h">
      <Filter>EpLibraryHeaders</Filter>
    </ClInclude>
    <ClInclude Include="EpLibraryHeaders\epWinProcessHelper.h">
      <Filter>EpLibraryHeaders</Filter>
    </ClInclude>
    <ClInclude Include="EpLibraryHeaders\epWorkerThreadDelegate.h">
      <Filter>EpLibraryHeaders</Filter>
    </ClInclude>
    <ClInclude Include="EpLibraryHeaders\epWorkerThreadFactory.h">
      <Filter>EpLibraryHeaders</Filter>
    </ClInclude>
    <ClInclude Include="EpLibraryHeaders\epWorkerThreadInfinite.h">
      <Filter>EpLibraryHeaders</Filter>
    </ClInclude>
    <ClInclude Include="EpLibraryHeaders\epWorkerThreadSingle.h">
      <Filter>EpLibraryHeaders</Filter>
    </ClInclude>
    <ClInclude Include="EpLibraryHeaders\epXMLFile.h">
      <Filter>EpLibraryHeaders</Filter>
    </ClInclude>
    <ClInclude Include="EpLibraryHeaders\epXMLite.h">
      <Filter>EpLibraryHeaders</Filter>
    </ClInclude>
    <ClInclude Include="EpLibraryHeaders\epBaseTextFile.h">
      <Filter>EpLibraryHeaders</Filter>
    </ClInclude>
    <ClInclude Include="EpLibraryHeaders\epCmdLineOptions.h">
      <Filter>EpLibraryHeaders</Filter>
    </ClInclude>
    <ClInclude Include="EpLibraryHeaders\epEventEx.h">
      <Filter>EpLibraryHeaders</Filter>
    </ClInclude>
    <ClInclude Include="EpLibraryHeaders\epLogWriter.h">
      <Filter>EpLibraryHeaders</Filter>
    </ClInclude>
    <ClInclude Include="EpLibraryHeaders\epBinaryFile.h">
      <Filter>EpLibraryHeaders</Filter>
    </ClInclude>
    <ClInclude Include="EpLibraryHeaders\epIpcClient.h">
      <Filter>EpLibraryHeaders</Filter>
    </ClInclude>
    <ClInclude Include="EpLibraryHeaders\epIpcClientInterfaces.h">
      <Filter>EpLibraryHeaders</Filter>
    </ClInclude>
    <ClInclude Include="EpLibraryHeaders\epIpcConf.h">
      <Filter>EpLibraryHeaders</Filter>
    </ClInclude>
    <ClInclude Include="EpLibraryHeaders\epIpcPipe.h">
      <Filter>EpLibraryHeaders</Filter>
    </ClInclude>
    <ClInclude Include="EpLibraryHeaders\epIpcServer.h">
      <Filter>EpLibraryHeaders</Filter>
    </ClInclude>
    <ClInclude Include="EpLibraryHeaders\epIpcServerInterfaces.h">
      <Filter>EpLibraryHeaders</Filter>
    </ClInclude>
    <ClInclude Include="EpLibraryHeaders\epWinResizer.h">
      <Filter>EpLibraryHeaders</Filter>
    </ClInclude>
    <ClInclude Include="EpLibraryHeaders\epCoroutine.h">
      <Filter>EpLibraryHeaders</Filter>
    </ClInclude>
  </ItemGroup>
  <ItemGroup>
    <None Include="..\LICENSE">
      <Filter>Resource Files</Filter>
    </None>
  </ItemGroup>
</Project>